
Microsoft Visual Studio Solution File, Format Version 12.00
# Visual Studio Version 17
VisualStudioVersion = 17.1.32328.378
MinimumVisualStudioVersion = 10.0.40219.1
Project("{9A19103F-16F7-4668-BE54-9A1E7A4F7556}") = "RestaurantPlanner_Site", "RestaurantPlanner_Site\RestaurantPlanner_Site.csproj", "{79F9B053-A878-46B4-B0F5-5F4A7904EBD4}"
EndProject
Global
	GlobalSection(SolutionConfigurationPlatforms) = preSolution
		Debug|Any CPU = Debug|Any CPU
		Release|Any CPU = Release|Any CPU
	EndGlobalSection
	GlobalSection(ProjectConfigurationPlatforms) = postSolution
		{79F9B053-A878-46B4-B0F5-5F4A7904EBD4}.Debug|Any CPU.ActiveCfg = Debug|Any CPU
		{79F9B053-A878-46B4-B0F5-5F4A7904EBD4}.Debug|Any CPU.Build.0 = Debug|Any CPU
		{79F9B053-A878-46B4-B0F5-5F4A7904EBD4}.Release|Any CPU.ActiveCfg = Release|Any CPU
		{79F9B053-A878-46B4-B0F5-5F4A7904EBD4}.Release|Any CPU.Build.0 = Release|Any CPU
	EndGlobalSection
	GlobalSection(SolutionProperties) = preSolution
		HideSolutionNode = FALSE
	EndGlobalSection
	GlobalSection(ExtensibilityGlobals) = postSolution
		SolutionGuid = {5591B9E0-35BA-4556-8A6C-FF046A28AFB8}
	EndGlobalSection
EndGlobal
